
Microsoft Visual Studio Solution File, Format Version 12.00
# Visual Studio 14
VisualStudioVersion = 14.0.25420.1
MinimumVisualStudioVersion = 10.0.40219.1
Project("{FAE04EC0-301F-11D3-BF4B-00C04F79EFBC}") = "Graphs", "Graphs\Graphs.csproj", "{81AE730E-D075-4AF7-B47E-5F2B5E26A7EE}"
EndProject
Project("{FAE04EC0-301F-11D3-BF4B-00C04F79EFBC}") = "AdjacencyMatrix", "AdjacencyMatrix\AdjacencyMatrix.csproj", "{4D1955E1-C843-4E96-97D9-DA925266E0DA}"
EndProject
Project("{FAE04EC0-301F-11D3-BF4B-00C04F79EFBC}") = "AdjacencyList", "AdjacencyList\AdjacencyList.csproj", "{9C23AE6A-788D-4DB7-92A0-836367D54571}"
EndProject
Global
	GlobalSection(SolutionConfigurationPlatforms) = preSolution
		Debug|Any CPU = Debug|Any CPU
		Release|Any CPU = Release|Any CPU
	EndGlobalSection
	GlobalSection(ProjectConfigurationPlatforms) = postSolution
		{81AE730E-D075-4AF7-B47E-5F2B5E26A7EE}.Debug|Any CPU.ActiveCfg = Debug|Any CPU
		{81AE730E-D075-4AF7-B47E-5F2B5E26A7EE}.Debug|Any CPU.Build.0 = Debug|Any CPU
		{81AE730E-D075-4AF7-B47E-5F2B5E26A7EE}.Release|Any CPU.ActiveCfg = Release|Any CPU
		{81AE730E-D075-4AF7-B47E-5F2B5E26A7EE}.Release|Any CPU.Build.0 = Release|Any CPU
		{4D1955E1-C843-4E96-97D9-DA925266E0DA}.Debug|Any CPU.ActiveCfg = Debug|Any CPU
		{4D1955E1-C843-4E96-97D9-DA925266E0DA}.Debug|Any CPU.Build.0 = Debug|Any CPU
		{4D1955E1-C843-4E96-97D9-DA925266E0DA}.Release|Any CPU.ActiveCfg = Release|Any CPU
		{4D1955E1-C843-4E96-97D9-DA925266E0DA}.Release|Any CPU.Build.0 = Release|Any CPU
		{9C23AE6A-788D-4DB7-92A0-836367D54571}.Debug|Any CPU.ActiveCfg = Debug|Any CPU
		{9C23AE6A-788D-4DB7-92A0-836367D54571}.Debug|Any CPU.Build.0 = Debug|Any CPU
		{9C23AE6A-788D-4DB7-92A0-836367D54571}.Release|Any CPU.ActiveCfg = Release|Any CPU
		{9C23AE6A-788D-4DB7-92A0-836367D54571}.Release|Any CPU.Build.0 = Release|Any CPU
	EndGlobalSection
	GlobalSection(SolutionProperties) = preSolution
		HideSolutionNode = FALSE
	EndGlobalSection
EndGlobal
